
Microsoft Visual Studio Solution File, Format Version 12.00
# Visual Studio Version 16
VisualStudioVersion = 16.0.31321.278
MinimumVisualStudioVersion = 10.0.40219.1
Project("{FAE04EC0-301F-11D3-BF4B-00C04F79EFBC}") = "JsonReader", "JsonReader\JsonReader.csproj", "{C81C0B4B-7F03-40D8-9F0F-79E7BD6BB06B}"
EndProject
Global
	GlobalSection(SolutionConfigurationPlatforms) = preSolution
		Debug|Any CPU = Debug|Any CPU
		Release|Any CPU = Release|Any CPU
	EndGlobalSection
	GlobalSection(ProjectConfigurationPlatforms) = postSolution
		{C81C0B4B-7F03-40D8-9F0F-79E7BD6BB06B}.Debug|Any CPU.ActiveCfg = Debug|Any CPU
		{C81C0B4B-7F03-40D8-9F0F-79E7BD6BB06B}.Debug|Any CPU.Build.0 = Debug|Any CPU
		{C81C0B4B-7F03-40D8-9F0F-79E7BD6BB06B}.Release|Any CPU.ActiveCfg = Release|Any CPU
		{C81C0B4B-7F03-40D8-9F0F-79E7BD6BB06B}.Release|Any CPU.Build.0 = Release|Any CPU
	EndGlobalSection
	GlobalSection(SolutionProperties) = preSolution
		HideSolutionNode = FALSE
	EndGlobalSection
	GlobalSection(ExtensibilityGlobals) = postSolution
		SolutionGuid = {F7645035-940A-4075-8181-A3CFD4C72DDE}
	EndGlobalSection
EndGlobal
